
Microsoft Visual Studio Solution File, Format Version 12.00
# Visual Studio Version 17
VisualStudioVersion = 17.8.34408.163
MinimumVisualStudioVersion = 10.0.40219.1
Project("{9A19103F-16F7-4668-BE54-9A1E7A4F7556}") = "SW3-1.Server", "SW3-1.Server\SW3-1.Server.csproj", "{6EB431D8-65AA-443C-BE0E-C2E886EB6913}"
EndProject
Project("{9A19103F-16F7-4668-BE54-9A1E7A4F7556}") = "SW3-shared", "SW3-shared\SW3-shared.csproj", "{C3609C63-55F2-49F5-980D-33516BA415AC}"
EndProject
Project("{9A19103F-16F7-4668-BE54-9A1E7A4F7556}") = "SettingsServerTest", "SettingsServer\SettingsServerTest.csproj", "{3D408969-40E6-4D5D-BE43-E16A1E12B09E}"
EndProject
Project("{2150E333-8FDC-42A3-9474-1A3956D46DE8}") = "Tests", "Tests", "{132A7879-EDEA-4721-8B42-A42206F6467F}"
EndProject
Project("{2150E333-8FDC-42A3-9474-1A3956D46DE8}") = "Projects", "Projects", "{85E069A3-29A8-4822-B314-8608BF45F16E}"
EndProject
Global
	GlobalSection(SolutionConfigurationPlatforms) = preSolution
		Debug|Any CPU = Debug|Any CPU
		Release|Any CPU = Release|Any CPU
	EndGlobalSection
	GlobalSection(ProjectConfigurationPlatforms) = postSolution
		{6EB431D8-65AA-443C-BE0E-C2E886EB6913}.Debug|Any CPU.ActiveCfg = Debug|Any CPU
		{6EB431D8-65AA-443C-BE0E-C2E886EB6913}.Debug|Any CPU.Build.0 = Debug|Any CPU
		{6EB431D8-65AA-443C-BE0E-C2E886EB6913}.Release|Any CPU.ActiveCfg = Release|Any CPU
		{6EB431D8-65AA-443C-BE0E-C2E886EB6913}.Release|Any CPU.Build.0 = Release|Any CPU
		{C3609C63-55F2-49F5-980D-33516BA415AC}.Debug|Any CPU.ActiveCfg = Debug|Any CPU
		{C3609C63-55F2-49F5-980D-33516BA415AC}.Debug|Any CPU.Build.0 = Debug|Any CPU
		{C3609C63-55F2-49F5-980D-33516BA415AC}.Release|Any CPU.ActiveCfg = Release|Any CPU
		{C3609C63-55F2-49F5-980D-33516BA415AC}.Release|Any CPU.Build.0 = Release|Any CPU
		{3D408969-40E6-4D5D-BE43-E16A1E12B09E}.Debug|Any CPU.ActiveCfg = Debug|Any CPU
		{3D408969-40E6-4D5D-BE43-E16A1E12B09E}.Debug|Any CPU.Build.0 = Debug|Any CPU
		{3D408969-40E6-4D5D-BE43-E16A1E12B09E}.Release|Any CPU.ActiveCfg = Release|Any CPU
		{3D408969-40E6-4D5D-BE43-E16A1E12B09E}.Release|Any CPU.Build.0 = Release|Any CPU
	EndGlobalSection
	GlobalSection(SolutionProperties) = preSolution
		HideSolutionNode = FALSE
	EndGlobalSection
	GlobalSection(NestedProjects) = preSolution
		{6EB431D8-65AA-443C-BE0E-C2E886EB6913} = {85E069A3-29A8-4822-B314-8608BF45F16E}
		{C3609C63-55F2-49F5-980D-33516BA415AC} = {85E069A3-29A8-4822-B314-8608BF45F16E}
		{3D408969-40E6-4D5D-BE43-E16A1E12B09E} = {132A7879-EDEA-4721-8B42-A42206F6467F}
	EndGlobalSection
	GlobalSection(ExtensibilityGlobals) = postSolution
		SolutionGuid = {786EAF14-76E3-4F8C-B0C1-AC37AE7F37A6}
	EndGlobalSection
EndGlobal
